
Microsoft Visual Studio Solution File, Format Version 12.00
# Visual Studio Version 17
VisualStudioVersion = 17.2.32616.157
MinimumVisualStudioVersion = 10.0.40219.1
Project("{9A19103F-16F7-4668-BE54-9A1E7A4F7556}") = "USAIDICANBLAZOR", "USAIDICANBLAZOR.csproj", "{73381E52-6B3A-4D9A-88F4-4D0A63AF413D}"
EndProject
Global
	GlobalSection(SolutionConfigurationPlatforms) = preSolution
		Debug|Any CPU = Debug|Any CPU
		Release|Any CPU = Release|Any CPU
	EndGlobalSection
	GlobalSection(ProjectConfigurationPlatforms) = postSolution
		{73381E52-6B3A-4D9A-88F4-4D0A63AF413D}.Debug|Any CPU.ActiveCfg = Debug|Any CPU
		{73381E52-6B3A-4D9A-88F4-4D0A63AF413D}.Debug|Any CPU.Build.0 = Debug|Any CPU
		{73381E52-6B3A-4D9A-88F4-4D0A63AF413D}.Release|Any CPU.ActiveCfg = Release|Any CPU
		{73381E52-6B3A-4D9A-88F4-4D0A63AF413D}.Release|Any CPU.Build.0 = Release|Any CPU
	EndGlobalSection
	GlobalSection(SolutionProperties) = preSolution
		HideSolutionNode = FALSE
	EndGlobalSection
	GlobalSection(ExtensibilityGlobals) = postSolution
		SolutionGuid = {D040EB63-854D-4420-8259-C9053706ACE7}
	EndGlobalSection
EndGlobal
